// !$*UTF8*$!
{
	archiveVersion = 1;
	classes = {
	};
	objectVersion = 50;
	objects = {

/* Begin PBXBuildFile section */
		5C32A22D24D01D2E001EEBFD /* IndexFilesModifier.swift in Sources */ = {isa = PBXBuildFile; fileRef = 5C32A22C24D01D2E001EEBFD /* IndexFilesModifier.swift */; };
		5C4A502A24CEF09200EBFD93 /* IndexFilesFinder.swift in Sources */ = {isa = PBXBuildFile; fileRef = 5C4A502924CEF09200EBFD93 /* IndexFilesFinder.swift */; };
		5C4A502C24CEF14300EBFD93 /* StubsModifier.swift in Sources */ = {isa = PBXBuildFile; fileRef = 5C4A502B24CEF14300EBFD93 /* StubsModifier.swift */; };
		5C4A502E24CF225B00EBFD93 /* IndexRecordsFinder.swift in Sources */ = {isa = PBXBuildFile; fileRef = 5C4A502D24CF225B00EBFD93 /* IndexRecordsFinder.swift */; };
		5C50191A24D864B40024A509 /* ConfigurationFileParser.swift in Sources */ = {isa = PBXBuildFile; fileRef = 5C50191924D864B40024A509 /* ConfigurationFileParser.swift */; };
		5C84337B24D3637E0014A3A9 /* RulesParser.swift in Sources */ = {isa = PBXBuildFile; fileRef = 5C84337A24D3637E0014A3A9 /* RulesParser.swift */; };
		5C88738524C9BE980059B4C6 /* main.swift in Sources */ = {isa = PBXBuildFile; fileRef = 5C88738424C9BE980059B4C6 /* main.swift */; };
		5CC104D224D81D1F004B55EB /* ArgumentsParser.swift in Sources */ = {isa = PBXBuildFile; fileRef = 5CC104D124D81D1F004B55EB /* ArgumentsParser.swift */; };
		5CC104D424D83861004B55EB /* IndexRecordParser.swift in Sources */ = {isa = PBXBuildFile; fileRef = 5CC104D324D83861004B55EB /* IndexRecordParser.swift */; };
		B9904A5C2540CE1600DD4C87 /* Process+Stubs.swift in Sources */ = {isa = PBXBuildFile; fileRef = B9904A5B2540CE1600DD4C87 /* Process+Stubs.swift */; };
/* End PBXBuildFile section */

/* Begin PBXCopyFilesBuildPhase section */
		5C88737F24C9BE980059B4C6 /* CopyFiles */ = {
			isa = PBXCopyFilesBuildPhase;
			buildActionMask = 2147483647;
			dstPath = /usr/share/man/man1/;
			dstSubfolderSpec = 0;
			files = (
			);
			runOnlyForDeploymentPostprocessing = 1;
		};
/* End PBXCopyFilesBuildPhase section */

/* Begin PBXFileReference section */
		5C32A22C24D01D2E001EEBFD /* IndexFilesModifier.swift */ = {isa = PBXFileReference; lastKnownFileType = sourcecode.swift; path = IndexFilesModifier.swift; sourceTree = "<group>"; };
		5C4A502924CEF09200EBFD93 /* IndexFilesFinder.swift */ = {isa = PBXFileReference; lastKnownFileType = sourcecode.swift; path = IndexFilesFinder.swift; sourceTree = "<group>"; };
		5C4A502B24CEF14300EBFD93 /* StubsModifier.swift */ = {isa = PBXFileReference; lastKnownFileType = sourcecode.swift; path = StubsModifier.swift; sourceTree = "<group>"; };
		5C4A502D24CF225B00EBFD93 /* IndexRecordsFinder.swift */ = {isa = PBXFileReference; lastKnownFileType = sourcecode.swift; path = IndexRecordsFinder.swift; sourceTree = "<group>"; };
		5C50191924D864B40024A509 /* ConfigurationFileParser.swift */ = {isa = PBXFileReference; lastKnownFileType = sourcecode.swift; path = ConfigurationFileParser.swift; sourceTree = "<group>"; };
		5C84337A24D3637E0014A3A9 /* RulesParser.swift */ = {isa = PBXFileReference; lastKnownFileType = sourcecode.swift; path = RulesParser.swift; sourceTree = "<group>"; };
		5C88738124C9BE980059B4C6 /* stubs */ = {isa = PBXFileReference; explicitFileType = "compiled.mach-o.executable"; includeInIndex = 0; path = stubs; sourceTree = BUILT_PRODUCTS_DIR; };
		5C88738424C9BE980059B4C6 /* main.swift */ = {isa = PBXFileReference; lastKnownFileType = sourcecode.swift; path = main.swift; sourceTree = "<group>"; };
		5CC104D124D81D1F004B55EB /* ArgumentsParser.swift */ = {isa = PBXFileReference; lastKnownFileType = sourcecode.swift; path = ArgumentsParser.swift; sourceTree = "<group>"; };
		5CC104D324D83861004B55EB /* IndexRecordParser.swift */ = {isa = PBXFileReference; lastKnownFileType = sourcecode.swift; path = IndexRecordParser.swift; sourceTree = "<group>"; };
		B9904A5B2540CE1600DD4C87 /* Process+Stubs.swift */ = {isa = PBXFileReference; lastKnownFileType = sourcecode.swift; path = "Process+Stubs.swift"; sourceTree = "<group>"; };
/* End PBXFileReference section */

/* Begin PBXFrameworksBuildPhase section */
		5C88737E24C9BE980059B4C6 /* Frameworks */ = {
			isa = PBXFrameworksBuildPhase;
			buildActionMask = 2147483647;
			files = (
			);
			runOnlyForDeploymentPostprocessing = 0;
		};
/* End PBXFrameworksBuildPhase section */

/* Begin PBXGroup section */
		5C50191524D83ACE0024A509 /* Parsers */ = {
			isa = PBXGroup;
			children = (
				5CC104D124D81D1F004B55EB /* ArgumentsParser.swift */,
				5C50191924D864B40024A509 /* ConfigurationFileParser.swift */,
				5CC104D324D83861004B55EB /* IndexRecordParser.swift */,
				5C84337A24D3637E0014A3A9 /* RulesParser.swift */,
			);
			path = Parsers;
			sourceTree = "<group>";
		};
		5C50191724D83AF80024A509 /* Modifiers */ = {
			isa = PBXGroup;
			children = (
				5C4A502B24CEF14300EBFD93 /* StubsModifier.swift */,
				5C32A22C24D01D2E001EEBFD /* IndexFilesModifier.swift */,
			);
			path = Modifiers;
			sourceTree = "<group>";
		};
		5C50191824D83B070024A509 /* Finders */ = {
			isa = PBXGroup;
			children = (
				5C4A502924CEF09200EBFD93 /* IndexFilesFinder.swift */,
				5C4A502D24CF225B00EBFD93 /* IndexRecordsFinder.swift */,
			);
			path = Finders;
			sourceTree = "<group>";
		};
		5C88737824C9BE980059B4C6 = {
			isa = PBXGroup;
			children = (
				5C88738324C9BE980059B4C6 /* stubs */,
				5C88738224C9BE980059B4C6 /* Products */,
			);
			sourceTree = "<group>";
		};
		5C88738224C9BE980059B4C6 /* Products */ = {
			isa = PBXGroup;
			children = (
				5C88738124C9BE980059B4C6 /* stubs */,
			);
			name = Products;
			sourceTree = "<group>";
		};
		5C88738324C9BE980059B4C6 /* stubs */ = {
			isa = PBXGroup;
			children = (
				5C88738424C9BE980059B4C6 /* main.swift */,
				B9904A5A2540CE0400DD4C87 /* Extensions */,
				5C50191824D83B070024A509 /* Finders */,
				5C50191724D83AF80024A509 /* Modifiers */,
				5C50191524D83ACE0024A509 /* Parsers */,
			);
			path = stubs;
			sourceTree = "<group>";
		};
		B9904A5A2540CE0400DD4C87 /* Extensions */ = {
			isa = PBXGroup;
			children = (
				B9904A5B2540CE1600DD4C87 /* Process+Stubs.swift */,
			);
			path = Extensions;
			sourceTree = "<group>";
		};
/* End PBXGroup section */

/* Begin PBXNativeTarget section */
		5C88738024C9BE980059B4C6 /* stubs */ = {
			isa = PBXNativeTarget;
			buildConfigurationList = 5C88738824C9BE980059B4C6 /* Build configuration list for PBXNativeTarget "stubs" */;
			buildPhases = (
				5C88737D24C9BE980059B4C6 /* Sources */,
				5C88737E24C9BE980059B4C6 /* Frameworks */,
				5C88737F24C9BE980059B4C6 /* CopyFiles */,
			);
			buildRules = (
			);
			dependencies = (
			);
			name = stubs;
			productName = ChuckStubsAnalyzer;
			productReference = 5C88738124C9BE980059B4C6 /* stubs */;
			productType = "com.apple.product-type.tool";
		};
/* End PBXNativeTarget section */

/* Begin PBXProject section */
		5C88737924C9BE980059B4C6 /* Project object */ = {
			isa = PBXProject;
			attributes = {
				LastSwiftUpdateCheck = 1130;
				LastUpgradeCheck = 1130;
				ORGANIZATIONNAME = "Andrii Zhuk";
				TargetAttributes = {
					5C88738024C9BE980059B4C6 = {
						CreatedOnToolsVersion = 11.3.1;
					};
				};
			};
			buildConfigurationList = 5C88737C24C9BE980059B4C6 /* Build configuration list for PBXProject "stubs" */;
			compatibilityVersion = "Xcode 9.3";
			developmentRegion = en;
			hasScannedForEncodings = 0;
			knownRegions = (
				en,
				Base,
			);
			mainGroup = 5C88737824C9BE980059B4C6;
			productRefGroup = 5C88738224C9BE980059B4C6 /* Products */;
			projectDirPath = "";
			projectRoot = "";
			targets = (
				5C88738024C9BE980059B4C6 /* stubs */,
			);
		};
/* End PBXProject section */

/* Begin PBXSourcesBuildPhase section */
		5C88737D24C9BE980059B4C6 /* Sources */ = {
			isa = PBXSourcesBuildPhase;
			buildActionMask = 2147483647;
			files = (
				5C50191A24D864B40024A509 /* ConfigurationFileParser.swift in Sources */,
				5C88738524C9BE980059B4C6 /* main.swift in Sources */,
				5C4A502E24CF225B00EBFD93 /* IndexRecordsFinder.swift in Sources */,
				5C84337B24D3637E0014A3A9 /* RulesParser.swift in Sources */,
				5CC104D224D81D1F004B55EB /* ArgumentsParser.swift in Sources */,
				B9904A5C2540CE1600DD4C87 /* Process+Stubs.swift in Sources */,
				5C32A22D24D01D2E001EEBFD /* IndexFilesModifier.swift in Sources */,
				5C4A502C24CEF14300EBFD93 /* StubsModifier.swift in Sources */,
				5CC104D424D83861004B55EB /* IndexRecordParser.swift in Sources */,
				5C4A502A24CEF09200EBFD93 /* IndexFilesFinder.swift in Sources */,
			);
			runOnlyForDeploymentPostprocessing = 0;
		};
/* End PBXSourcesBuildPhase section */

/* Begin XCBuildConfiguration section */
		5C88738624C9BE980059B4C6 /* Debug */ = {
			isa = XCBuildConfiguration;
			buildSettings = {
				ALWAYS_SEARCH_USER_PATHS = NO;
				CLANG_ANALYZER_NONNULL = YES;
				CLANG_ANALYZER_NUMBER_OBJECT_CONVERSION = YES_AGGRESSIVE;
				CLANG_CXX_LANGUAGE_STANDARD = "gnu++14";
				CLANG_CXX_LIBRARY = "libc++";
				CLANG_ENABLE_MODULES = YES;
				CLANG_ENABLE_OBJC_ARC = YES;
				CLANG_ENABLE_OBJC_WEAK = YES;
				CLANG_WARN_BLOCK_CAPTURE_AUTORELEASING = YES;
				CLANG_WARN_BOOL_CONVERSION = YES;
				CLANG_WARN_COMMA = YES;
				CLANG_WARN_CONSTANT_CONVERSION = YES;
				CLANG_WARN_DEPRECATED_OBJC_IMPLEMENTATIONS = YES;
				CLANG_WARN_DIRECT_OBJC_ISA_USAGE = YES_ERROR;
				CLANG_WARN_DOCUMENTATION_COMMENTS = YES;
				CLANG_WARN_EMPTY_BODY = YES;
				CLANG_WARN_ENUM_CONVERSION = YES;
				CLANG_WARN_INFINITE_RECURSION = YES;
				CLANG_WARN_INT_CONVERSION = YES;
				CLANG_WARN_NON_LITERAL_NULL_CONVERSION = YES;
				CLANG_WARN_OBJC_IMPLICIT_RETAIN_SELF = YES;
				CLANG_WARN_OBJC_LITERAL_CONVERSION = YES;
				CLANG_WARN_OBJC_ROOT_CLASS = YES_ERROR;
				CLANG_WARN_RANGE_LOOP_ANALYSIS = YES;
				CLANG_WARN_STRICT_PROTOTYPES = YES;
				CLANG_WARN_SUSPICIOUS_MOVE = YES;
				CLANG_WARN_UNGUARDED_AVAILABILITY = YES_AGGRESSIVE;
				CLANG_WARN_UNREACHABLE_CODE = YES;
				CLANG_WARN__DUPLICATE_METHOD_MATCH = YES;
				COPY_PHASE_STRIP = NO;
				DEBUG_INFORMATION_FORMAT = dwarf;
				ENABLE_STRICT_OBJC_MSGSEND = YES;
				ENABLE_TESTABILITY = YES;
				GCC_C_LANGUAGE_STANDARD = gnu11;
				GCC_DYNAMIC_NO_PIC = NO;
				GCC_NO_COMMON_BLOCKS = YES;
				GCC_OPTIMIZATION_LEVEL = 0;
				GCC_PREPROCESSOR_DEFINITIONS = (
					"DEBUG=1",
					"$(inherited)",
				);
				GCC_WARN_64_TO_32_BIT_CONVERSION = YES;
				GCC_WARN_ABOUT_RETURN_TYPE = YES_ERROR;
				GCC_WARN_UNDECLARED_SELECTOR = YES;
				GCC_WARN_UNINITIALIZED_AUTOS = YES_AGGRESSIVE;
				GCC_WARN_UNUSED_FUNCTION = YES;
				GCC_WARN_UNUSED_VARIABLE = YES;
				MACOSX_DEPLOYMENT_TARGET = 10.15;
				MTL_ENABLE_DEBUG_INFO = INCLUDE_SOURCE;
				MTL_FAST_MATH = YES;
				ONLY_ACTIVE_ARCH = YES;
				SDKROOT = macosx;
				SWIFT_ACTIVE_COMPILATION_CONDITIONS = DEBUG;
				SWIFT_OPTIMIZATION_LEVEL = "-Onone";
			};
			name = Debug;
		};
		5C88738724C9BE980059B4C6 /* Release */ = {
			isa = XCBuildConfiguration;
			buildSettings = {
				ALWAYS_SEARCH_USER_PATHS = NO;
				CLANG_ANALYZER_NONNULL = YES;
				CLANG_ANALYZER_NUMBER_OBJECT_CONVERSION = YES_AGGRESSIVE;
				CLANG_CXX_LANGUAGE_STANDARD = "gnu++14";
				CLANG_CXX_LIBRARY = "libc++";
				CLANG_ENABLE_MODULES = YES;
				CLANG_ENABLE_OBJC_ARC = YES;
				CLANG_ENABLE_OBJC_WEAK = YES;
				CLANG_WARN_BLOCK_CAPTURE_AUTORELEASING = YES;
				CLANG_WARN_BOOL_CONVERSION = YES;
				CLANG_WARN_COMMA = YES;
				CLANG_WARN_CONSTANT_CONVERSION = YES;
				CLANG_WARN_DEPRECATED_OBJC_IMPLEMENTATIONS = YES;
				CLANG_WARN_DIRECT_OBJC_ISA_USAGE = YES_ERROR;
				CLANG_WARN_DOCUMENTATION_COMMENTS = YES;
				CLANG_WARN_EMPTY_BODY = YES;
				CLANG_WARN_ENUM_CONVERSION = YES;
				CLANG_WARN_INFINITE_RECURSION = YES;
				CLANG_WARN_INT_CONVERSION = YES;
				CLANG_WARN_NON_LITERAL_NULL_CONVERSION = YES;
				CLANG_WARN_OBJC_IMPLICIT_RETAIN_SELF = YES;
				CLANG_WARN_OBJC_LITERAL_CONVERSION = YES;
				CLANG_WARN_OBJC_ROOT_CLASS = YES_ERROR;
				CLANG_WARN_RANGE_LOOP_ANALYSIS = YES;
				CLANG_WARN_STRICT_PROTOTYPES = YES;
				CLANG_WARN_SUSPICIOUS_MOVE = YES;
				CLANG_WARN_UNGUARDED_AVAILABILITY = YES_AGGRESSIVE;
				CLANG_WARN_UNREACHABLE_CODE = YES;
				CLANG_WARN__DUPLICATE_METHOD_MATCH = YES;
				COPY_PHASE_STRIP = NO;
				DEBUG_INFORMATION_FORMAT = "dwarf-with-dsym";
				ENABLE_NS_ASSERTIONS = NO;
				ENABLE_STRICT_OBJC_MSGSEND = YES;
				GCC_C_LANGUAGE_STANDARD = gnu11;
				GCC_NO_COMMON_BLOCKS = YES;
				GCC_WARN_64_TO_32_BIT_CONVERSION = YES;
				GCC_WARN_ABOUT_RETURN_TYPE = YES_ERROR;
				GCC_WARN_UNDECLARED_SELECTOR = YES;
				GCC_WARN_UNINITIALIZED_AUTOS = YES_AGGRESSIVE;
				GCC_WARN_UNUSED_FUNCTION = YES;
				GCC_WARN_UNUSED_VARIABLE = YES;
				MACOSX_DEPLOYMENT_TARGET = 10.15;
				MTL_ENABLE_DEBUG_INFO = NO;
				MTL_FAST_MATH = YES;
				SDKROOT = macosx;
				SWIFT_COMPILATION_MODE = wholemodule;
				SWIFT_OPTIMIZATION_LEVEL = "-O";
			};
			name = Release;
		};
		5C88738924C9BE980059B4C6 /* Debug */ = {
			isa = XCBuildConfiguration;
			buildSettings = {
				CODE_SIGN_STYLE = Automatic;
				DEVELOPMENT_TEAM = X2AQQ3DS83;
				ENABLE_HARDENED_RUNTIME = YES;
				PRODUCT_NAME = "$(TARGET_NAME)";
				SWIFT_VERSION = 5.0;
			};
			name = Debug;
		};
		5C88738A24C9BE980059B4C6 /* Release */ = {
			isa = XCBuildConfiguration;
			buildSettings = {
				CODE_SIGN_STYLE = Automatic;
				DEVELOPMENT_TEAM = X2AQQ3DS83;
				ENABLE_HARDENED_RUNTIME = YES;
				PRODUCT_NAME = "$(TARGET_NAME)";
				SWIFT_VERSION = 5.0;
			};
			name = Release;
		};
/* End XCBuildConfiguration section */

/* Begin XCConfigurationList section */
		5C88737C24C9BE980059B4C6 /* Build configuration list for PBXProject "stubs" */ = {
			isa = XCConfigurationList;
			buildConfigurations = (
				5C88738624C9BE980059B4C6 /* Debug */,
				5C88738724C9BE980059B4C6 /* Release */,
			);
			defaultConfigurationIsVisible = 0;
			defaultConfigurationName = Release;
		};
		5C88738824C9BE980059B4C6 /* Build configuration list for PBXNativeTarget "stubs" */ = {
			isa = XCConfigurationList;
			buildConfigurations = (
				5C88738924C9BE980059B4C6 /* Debug */,
				5C88738A24C9BE980059B4C6 /* Release */,
			);
			defaultConfigurationIsVisible = 0;
			defaultConfigurationName = Release;
		};
/* End XCConfigurationList section */
	};
	rootObject = 5C88737924C9BE980059B4C6 /* Project object */;
}
